
Microsoft Visual Studio Solution File, Format Version 12.00
# Visual Studio Version 18
VisualStudioVersion = 18.0.0.0
MinimumVisualStudioVersion = 10.0.40219.1
Project("{9A19103F-16F7-4668-BE54-9A1E7A4F7556}") = "AwoxController.Core", "src\AwoxController.Core\AwoxController.Core.csproj", "{C6B4210F-38A0-4CB5-B7BB-6CD9726357E1}"
EndProject
Project("{9A19103F-16F7-4668-BE54-9A1E7A4F7556}") = "AwoxController.Zigbee", "src\AwoxController.Zigbee\AwoxController.Zigbee.csproj", "{D0F14F76-B920-413A-9387-F4130E6082FE}"
EndProject
Project("{9A19103F-16F7-4668-BE54-9A1E7A4F7556}") = "AwoxController.Api", "src\AwoxController.Api\AwoxController.Api.csproj", "{06D75F51-1B38-4774-B19E-932378DB872E}"
EndProject
Project("{2150E333-8FDC-42A3-9474-1A3956D46DE8}") = "src", "src", "{36C62771-4B3B-46D4-B6A6-3509D5CBB19C}"
EndProject
Project("{FAE04EC0-301F-11D3-BF4B-00C04F79EFBC}") = "AwoxController.Ble", "src\AwoxController.Ble\AwoxController.Ble.csproj", "{19C6AC6B-EC15-4DA5-84F3-D373DAE99D74}"
EndProject
Project("{2150E333-8FDC-42A3-9474-1A3956D46DE8}") = "tests", "tests", "{0AB3BF05-4346-4AA6-1389-037BE0695223}"
EndProject
Project("{FAE04EC0-301F-11D3-BF4B-00C04F79EFBC}") = "AwoxController.Ble.Tests", "tests\AwoxController.Ble.Tests\AwoxController.Ble.Tests.csproj", "{99504B83-E733-479E-A08B-4116B232E13E}"
EndProject
Project("{FAE04EC0-301F-11D3-BF4B-00C04F79EFBC}") = "AwoxController.Data", "src\AwoxController.Data\AwoxController.Data.csproj", "{547AAA34-9FB6-4185-B14F-5651ECD4179C}"
EndProject
Project("{FAE04EC0-301F-11D3-BF4B-00C04F79EFBC}") = "AwoxController.MqttBridge", "src\AwoxController.MqttBridge\AwoxController.MqttBridge.csproj", "{154F76BC-F436-451D-8C4F-0B1BBC0A9BF0}"
EndProject
Global
	GlobalSection(SolutionConfigurationPlatforms) = preSolution
		Debug|Any CPU = Debug|Any CPU
		Debug|x64 = Debug|x64
		Debug|x86 = Debug|x86
		Release|Any CPU = Release|Any CPU
		Release|x64 = Release|x64
		Release|x86 = Release|x86
	EndGlobalSection
	GlobalSection(ProjectConfigurationPlatforms) = postSolution
		{C6B4210F-38A0-4CB5-B7BB-6CD9726357E1}.Debug|Any CPU.ActiveCfg = Debug|Any CPU
		{C6B4210F-38A0-4CB5-B7BB-6CD9726357E1}.Debug|Any CPU.Build.0 = Debug|Any CPU
		{C6B4210F-38A0-4CB5-B7BB-6CD9726357E1}.Debug|x64.ActiveCfg = Debug|Any CPU
		{C6B4210F-38A0-4CB5-B7BB-6CD9726357E1}.Debug|x64.Build.0 = Debug|Any CPU
		{C6B4210F-38A0-4CB5-B7BB-6CD9726357E1}.Debug|x86.ActiveCfg = Debug|Any CPU
		{C6B4210F-38A0-4CB5-B7BB-6CD9726357E1}.Debug|x86.Build.0 = Debug|Any CPU
		{C6B4210F-38A0-4CB5-B7BB-6CD9726357E1}.Release|Any CPU.ActiveCfg = Release|Any CPU
		{C6B4210F-38A0-4CB5-B7BB-6CD9726357E1}.Release|Any CPU.Build.0 = Release|Any CPU
		{C6B4210F-38A0-4CB5-B7BB-6CD9726357E1}.Release|x64.ActiveCfg = Release|Any CPU
		{C6B4210F-38A0-4CB5-B7BB-6CD9726357E1}.Release|x64.Build.0 = Release|Any CPU
		{C6B4210F-38A0-4CB5-B7BB-6CD9726357E1}.Release|x86.ActiveCfg = Release|Any CPU
		{C6B4210F-38A0-4CB5-B7BB-6CD9726357E1}.Release|x86.Build.0 = Release|Any CPU
		{D0F14F76-B920-413A-9387-F4130E6082FE}.Debug|Any CPU.ActiveCfg = Debug|Any CPU
		{D0F14F76-B920-413A-9387-F4130E6082FE}.Debug|Any CPU.Build.0 = Debug|Any CPU
		{D0F14F76-B920-413A-9387-F4130E6082FE}.Debug|x64.ActiveCfg = Debug|Any CPU
		{D0F14F76-B920-413A-9387-F4130E6082FE}.Debug|x64.Build.0 = Debug|Any CPU
		{D0F14F76-B920-413A-9387-F4130E6082FE}.Debug|x86.ActiveCfg = Debug|Any CPU
		{D0F14F76-B920-413A-9387-F4130E6082FE}.Debug|x86.Build.0 = Debug|Any CPU
		{D0F14F76-B920-413A-9387-F4130E6082FE}.Release|Any CPU.ActiveCfg = Release|Any CPU
		{D0F14F76-B920-413A-9387-F4130E6082FE}.Release|Any CPU.Build.0 = Release|Any CPU
		{D0F14F76-B920-413A-9387-F4130E6082FE}.Release|x64.ActiveCfg = Release|Any CPU
		{D0F14F76-B920-413A-9387-F4130E6082FE}.Release|x64.Build.0 = Release|Any CPU
		{D0F14F76-B920-413A-9387-F4130E6082FE}.Release|x86.ActiveCfg = Release|Any CPU
		{D0F14F76-B920-413A-9387-F4130E6082FE}.Release|x86.Build.0 = Release|Any CPU
		{06D75F51-1B38-4774-B19E-932378DB872E}.Debug|Any CPU.ActiveCfg = Debug|Any CPU
		{06D75F51-1B38-4774-B19E-932378DB872E}.Debug|Any CPU.Build.0 = Debug|Any CPU
		{06D75F51-1B38-4774-B19E-932378DB872E}.Debug|x64.ActiveCfg = Debug|Any CPU
		{06D75F51-1B38-4774-B19E-932378DB872E}.Debug|x64.Build.0 = Debug|Any CPU
		{06D75F51-1B38-4774-B19E-932378DB872E}.Debug|x86.ActiveCfg = Debug|Any CPU
		{06D75F51-1B38-4774-B19E-932378DB872E}.Debug|x86.Build.0 = Debug|Any CPU
		{06D75F51-1B38-4774-B19E-932378DB872E}.Release|Any CPU.ActiveCfg = Release|Any CPU
		{06D75F51-1B38-4774-B19E-932378DB872E}.Release|Any CPU.Build.0 = Release|Any CPU
		{06D75F51-1B38-4774-B19E-932378DB872E}.Release|x64.ActiveCfg = Release|Any CPU
		{06D75F51-1B38-4774-B19E-932378DB872E}.Release|x64.Build.0 = Release|Any CPU
		{06D75F51-1B38-4774-B19E-932378DB872E}.Release|x86.ActiveCfg = Release|Any CPU
		{06D75F51-1B38-4774-B19E-932378DB872E}.Release|x86.Build.0 = Release|Any CPU
		{19C6AC6B-EC15-4DA5-84F3-D373DAE99D74}.Debug|Any CPU.ActiveCfg = Debug|Any CPU
		{19C6AC6B-EC15-4DA5-84F3-D373DAE99D74}.Debug|Any CPU.Build.0 = Debug|Any CPU
		{19C6AC6B-EC15-4DA5-84F3-D373DAE99D74}.Debug|x64.ActiveCfg = Debug|Any CPU
		{19C6AC6B-EC15-4DA5-84F3-D373DAE99D74}.Debug|x64.Build.0 = Debug|Any CPU
		{19C6AC6B-EC15-4DA5-84F3-D373DAE99D74}.Debug|x86.ActiveCfg = Debug|Any CPU
		{19C6AC6B-EC15-4DA5-84F3-D373DAE99D74}.Debug|x86.Build.0 = Debug|Any CPU
		{19C6AC6B-EC15-4DA5-84F3-D373DAE99D74}.Release|Any CPU.ActiveCfg = Release|Any CPU
		{19C6AC6B-EC15-4DA5-84F3-D373DAE99D74}.Release|Any CPU.Build.0 = Release|Any CPU
		{19C6AC6B-EC15-4DA5-84F3-D373DAE99D74}.Release|x64.ActiveCfg = Release|Any CPU
		{19C6AC6B-EC15-4DA5-84F3-D373DAE99D74}.Release|x64.Build.0 = Release|Any CPU
		{19C6AC6B-EC15-4DA5-84F3-D373DAE99D74}.Release|x86.ActiveCfg = Release|Any CPU
		{19C6AC6B-EC15-4DA5-84F3-D373DAE99D74}.Release|x86.Build.0 = Release|Any CPU
		{99504B83-E733-479E-A08B-4116B232E13E}.Debug|Any CPU.ActiveCfg = Debug|Any CPU
		{99504B83-E733-479E-A08B-4116B232E13E}.Debug|Any CPU.Build.0 = Debug|Any CPU
		{99504B83-E733-479E-A08B-4116B232E13E}.Debug|x64.ActiveCfg = Debug|Any CPU
		{99504B83-E733-479E-A08B-4116B232E13E}.Debug|x64.Build.0 = Debug|Any CPU
		{99504B83-E733-479E-A08B-4116B232E13E}.Debug|x86.ActiveCfg = Debug|Any CPU
		{99504B83-E733-479E-A08B-4116B232E13E}.Debug|x86.Build.0 = Debug|Any CPU
		{99504B83-E733-479E-A08B-4116B232E13E}.Release|Any CPU.ActiveCfg = Release|Any CPU
		{99504B83-E733-479E-A08B-4116B232E13E}.Release|Any CPU.Build.0 = Release|Any CPU
		{99504B83-E733-479E-A08B-4116B232E13E}.Release|x64.ActiveCfg = Release|Any CPU
		{99504B83-E733-479E-A08B-4116B232E13E}.Release|x64.Build.0 = Release|Any CPU
		{99504B83-E733-479E-A08B-4116B232E13E}.Release|x86.ActiveCfg = Release|Any CPU
		{99504B83-E733-479E-A08B-4116B232E13E}.Release|x86.Build.0 = Release|Any CPU
		{547AAA34-9FB6-4185-B14F-5651ECD4179C}.Debug|Any CPU.ActiveCfg = Debug|Any CPU
		{547AAA34-9FB6-4185-B14F-5651ECD4179C}.Debug|Any CPU.Build.0 = Debug|Any CPU
		{547AAA34-9FB6-4185-B14F-5651ECD4179C}.Debug|x64.ActiveCfg = Debug|Any CPU
		{547AAA34-9FB6-4185-B14F-5651ECD4179C}.Debug|x64.Build.0 = Debug|Any CPU
		{547AAA34-9FB6-4185-B14F-5651ECD4179C}.Debug|x86.ActiveCfg = Debug|Any CPU
		{547AAA34-9FB6-4185-B14F-5651ECD4179C}.Debug|x86.Build.0 = Debug|Any CPU
		{547AAA34-9FB6-4185-B14F-5651ECD4179C}.Release|Any CPU.ActiveCfg = Release|Any CPU
		{547AAA34-9FB6-4185-B14F-5651ECD4179C}.Release|Any CPU.Build.0 = Release|Any CPU
		{547AAA34-9FB6-4185-B14F-5651ECD4179C}.Release|x64.ActiveCfg = Release|Any CPU
		{547AAA34-9FB6-4185-B14F-5651ECD4179C}.Release|x64.Build.0 = Release|Any CPU
		{547AAA34-9FB6-4185-B14F-5651ECD4179C}.Release|x86.ActiveCfg = Release|Any CPU
		{547AAA34-9FB6-4185-B14F-5651ECD4179C}.Release|x86.Build.0 = Release|Any CPU
		{154F76BC-F436-451D-8C4F-0B1BBC0A9BF0}.Debug|Any CPU.ActiveCfg = Debug|Any CPU
		{154F76BC-F436-451D-8C4F-0B1BBC0A9BF0}.Debug|Any CPU.Build.0 = Debug|Any CPU
		{154F76BC-F436-451D-8C4F-0B1BBC0A9BF0}.Debug|x64.ActiveCfg = Debug|Any CPU
		{154F76BC-F436-451D-8C4F-0B1BBC0A9BF0}.Debug|x64.Build.0 = Debug|Any CPU
		{154F76BC-F436-451D-8C4F-0B1BBC0A9BF0}.Debug|x86.ActiveCfg = Debug|Any CPU
		{154F76BC-F436-451D-8C4F-0B1BBC0A9BF0}.Debug|x86.Build.0 = Debug|Any CPU
		{154F76BC-F436-451D-8C4F-0B1BBC0A9BF0}.Release|Any CPU.ActiveCfg = Release|Any CPU
		{154F76BC-F436-451D-8C4F-0B1BBC0A9BF0}.Release|Any CPU.Build.0 = Release|Any CPU
		{154F76BC-F436-451D-8C4F-0B1BBC0A9BF0}.Release|x64.ActiveCfg = Release|Any CPU
		{154F76BC-F436-451D-8C4F-0B1BBC0A9BF0}.Release|x64.Build.0 = Release|Any CPU
		{154F76BC-F436-451D-8C4F-0B1BBC0A9BF0}.Release|x86.ActiveCfg = Release|Any CPU
		{154F76BC-F436-451D-8C4F-0B1BBC0A9BF0}.Release|x86.Build.0 = Release|Any CPU
	EndGlobalSection
	GlobalSection(SolutionProperties) = preSolution
		HideSolutionNode = FALSE
	EndGlobalSection
	GlobalSection(NestedProjects) = preSolution
		{C6B4210F-38A0-4CB5-B7BB-6CD9726357E1} = {36C62771-4B3B-46D4-B6A6-3509D5CBB19C}
		{D0F14F76-B920-413A-9387-F4130E6082FE} = {36C62771-4B3B-46D4-B6A6-3509D5CBB19C}
		{06D75F51-1B38-4774-B19E-932378DB872E} = {36C62771-4B3B-46D4-B6A6-3509D5CBB19C}
		{19C6AC6B-EC15-4DA5-84F3-D373DAE99D74} = {36C62771-4B3B-46D4-B6A6-3509D5CBB19C}
		{99504B83-E733-479E-A08B-4116B232E13E} = {0AB3BF05-4346-4AA6-1389-037BE0695223}
		{547AAA34-9FB6-4185-B14F-5651ECD4179C} = {36C62771-4B3B-46D4-B6A6-3509D5CBB19C}
		{154F76BC-F436-451D-8C4F-0B1BBC0A9BF0} = {36C62771-4B3B-46D4-B6A6-3509D5CBB19C}
	EndGlobalSection
EndGlobal
